
Microsoft Visual Studio Solution File, Format Version 12.00
# Visual Studio Version 16
VisualStudioVersion = 16.0.32228.343
MinimumVisualStudioVersion = 10.0.40219.1
Project("{9A19103F-16F7-4668-BE54-9A1E7A4F7556}") = "PepitoSchool", "PepitoSchool\PepitoSchool.csproj", "{92DBA924-5F48-42ED-B8DE-59B23B3FAD06}"
EndProject
Project("{9A19103F-16F7-4668-BE54-9A1E7A4F7556}") = "PepitoSchool.Domain", "PepitoSchool.Domain\PepitoSchool.Domain.csproj", "{8DFFB610-C626-4745-864E-5A54A210B3C4}"
EndProject
Project("{9A19103F-16F7-4668-BE54-9A1E7A4F7556}") = "PepitoSchool.Infraestructure", "PepitoSchool.Infraestructure\PepitoSchool.Infraestructure.csproj", "{465AA8A1-2C18-448A-8A87-ED9798E79D65}"
EndProject
Project("{9A19103F-16F7-4668-BE54-9A1E7A4F7556}") = "PepitoSchool.Application", "PepitoSchool.Application\PepitoSchool.Application.csproj", "{FD8B87AC-CD5C-4A7F-A6DE-F68E610EEAB2}"
EndProject
Global
	GlobalSection(SolutionConfigurationPlatforms) = preSolution
		Debug|Any CPU = Debug|Any CPU
		Release|Any CPU = Release|Any CPU
	EndGlobalSection
	GlobalSection(ProjectConfigurationPlatforms) = postSolution
		{92DBA924-5F48-42ED-B8DE-59B23B3FAD06}.Debug|Any CPU.ActiveCfg = Debug|Any CPU
		{92DBA924-5F48-42ED-B8DE-59B23B3FAD06}.Debug|Any CPU.Build.0 = Debug|Any CPU
		{92DBA924-5F48-42ED-B8DE-59B23B3FAD06}.Release|Any CPU.ActiveCfg = Release|Any CPU
		{92DBA924-5F48-42ED-B8DE-59B23B3FAD06}.Release|Any CPU.Build.0 = Release|Any CPU
		{8DFFB610-C626-4745-864E-5A54A210B3C4}.Debug|Any CPU.ActiveCfg = Debug|Any CPU
		{8DFFB610-C626-4745-864E-5A54A210B3C4}.Debug|Any CPU.Build.0 = Debug|Any CPU
		{8DFFB610-C626-4745-864E-5A54A210B3C4}.Release|Any CPU.ActiveCfg = Release|Any CPU
		{8DFFB610-C626-4745-864E-5A54A210B3C4}.Release|Any CPU.Build.0 = Release|Any CPU
		{465AA8A1-2C18-448A-8A87-ED9798E79D65}.Debug|Any CPU.ActiveCfg = Debug|Any CPU
		{465AA8A1-2C18-448A-8A87-ED9798E79D65}.Debug|Any CPU.Build.0 = Debug|Any CPU
		{465AA8A1-2C18-448A-8A87-ED9798E79D65}.Release|Any CPU.ActiveCfg = Release|Any CPU
		{465AA8A1-2C18-448A-8A87-ED9798E79D65}.Release|Any CPU.Build.0 = Release|Any CPU
		{FD8B87AC-CD5C-4A7F-A6DE-F68E610EEAB2}.Debug|Any CPU.ActiveCfg = Debug|Any CPU
		{FD8B87AC-CD5C-4A7F-A6DE-F68E610EEAB2}.Debug|Any CPU.Build.0 = Debug|Any CPU
		{FD8B87AC-CD5C-4A7F-A6DE-F68E610EEAB2}.Release|Any CPU.ActiveCfg = Release|Any CPU
		{FD8B87AC-CD5C-4A7F-A6DE-F68E610EEAB2}.Release|Any CPU.Build.0 = Release|Any CPU
	EndGlobalSection
	GlobalSection(SolutionProperties) = preSolution
		HideSolutionNode = FALSE
	EndGlobalSection
	GlobalSection(ExtensibilityGlobals) = postSolution
		SolutionGuid = {BA8B9C11-3B56-43B2-B6A0-D0D1929E826A}
	EndGlobalSection
EndGlobal
